// !$*UTF8*$!
{
	archiveVersion = 1;
	classes = {
	};
	objectVersion = 50;
	objects = {

/* Begin PBXBuildFile section */
		530730E02159D3FC0039FC0C /* AlbumTableViewCell.swift in Sources */ = {isa = PBXBuildFile; fileRef = 530730DF2159D3FC0039FC0C /* AlbumTableViewCell.swift */; };
		534850DD2154D81D0001BD51 /* TableViewController.swift in Sources */ = {isa = PBXBuildFile; fileRef = 534850DC2154D81D0001BD51 /* TableViewController.swift */; };
		534850DF2154DD0F0001BD51 /* NetworkLayer.swift in Sources */ = {isa = PBXBuildFile; fileRef = 534850DE2154DD0F0001BD51 /* NetworkLayer.swift */; };
		534850E12154DDEA0001BD51 /* Album.swift in Sources */ = {isa = PBXBuildFile; fileRef = 534850E02154DDEA0001BD51 /* Album.swift */; };
		535D0C3C21533FF2005EEE57 /* AppDelegate.swift in Sources */ = {isa = PBXBuildFile; fileRef = 535D0C3B21533FF2005EEE57 /* AppDelegate.swift */; };
		535D0C3E21533FF2005EEE57 /* ViewController.swift in Sources */ = {isa = PBXBuildFile; fileRef = 535D0C3D21533FF2005EEE57 /* ViewController.swift */; };
		535D0C4121533FF2005EEE57 /* Main.storyboard in Resources */ = {isa = PBXBuildFile; fileRef = 535D0C3F21533FF2005EEE57 /* Main.storyboard */; };
		535D0C4321533FF4005EEE57 /* Assets.xcassets in Resources */ = {isa = PBXBuildFile; fileRef = 535D0C4221533FF4005EEE57 /* Assets.xcassets */; };
		535D0C4621533FF4005EEE57 /* LaunchScreen.storyboard in Resources */ = {isa = PBXBuildFile; fileRef = 535D0C4421533FF4005EEE57 /* LaunchScreen.storyboard */; };
		535D0C4E21534180005EEE57 /* RxSimple.swift in Sources */ = {isa = PBXBuildFile; fileRef = 535D0C4D21534180005EEE57 /* RxSimple.swift */; };
		535D0C5021538743005EEE57 /* Posting.swift in Sources */ = {isa = PBXBuildFile; fileRef = 535D0C4F21538743005EEE57 /* Posting.swift */; };
		535D0C5421539F40005EEE57 /* CustomError.swift in Sources */ = {isa = PBXBuildFile; fileRef = 535D0C5321539F40005EEE57 /* CustomError.swift */; };
		53FDB59E21589C77001FBEF0 /* TableViewModel.swift in Sources */ = {isa = PBXBuildFile; fileRef = 53FDB59D21589C77001FBEF0 /* TableViewModel.swift */; };
		6B8E6468F095353E0C1EF443 /* Pods_RxSwift_Basic.framework in Frameworks */ = {isa = PBXBuildFile; fileRef = F94ABA6698E63FB2DB6B0595 /* Pods_RxSwift_Basic.framework */; };
/* End PBXBuildFile section */

/* Begin PBXFileReference section */
		1CD84F30C77F20386C370BB7 /* Pods-RxSwift_Basic.debug.xcconfig */ = {isa = PBXFileReference; includeInIndex = 1; lastKnownFileType = text.xcconfig; name = "Pods-RxSwift_Basic.debug.xcconfig"; path = "Pods/Target Support Files/Pods-RxSwift_Basic/Pods-RxSwift_Basic.debug.xcconfig"; sourceTree = "<group>"; };
		530730DF2159D3FC0039FC0C /* AlbumTableViewCell.swift */ = {isa = PBXFileReference; lastKnownFileType = sourcecode.swift; path = AlbumTableViewCell.swift; sourceTree = "<group>"; };
		534850DC2154D81D0001BD51 /* TableViewController.swift */ = {isa = PBXFileReference; lastKnownFileType = sourcecode.swift; path = TableViewController.swift; sourceTree = "<group>"; };
		534850DE2154DD0F0001BD51 /* NetworkLayer.swift */ = {isa = PBXFileReference; lastKnownFileType = sourcecode.swift; path = NetworkLayer.swift; sourceTree = "<group>"; };
		534850E02154DDEA0001BD51 /* Album.swift */ = {isa = PBXFileReference; lastKnownFileType = sourcecode.swift; path = Album.swift; sourceTree = "<group>"; };
		535D0C3821533FF2005EEE57 /* RxSwift_Basic.app */ = {isa = PBXFileReference; explicitFileType = wrapper.application; includeInIndex = 0; path = RxSwift_Basic.app; sourceTree = BUILT_PRODUCTS_DIR; };
		535D0C3B21533FF2005EEE57 /* AppDelegate.swift */ = {isa = PBXFileReference; lastKnownFileType = sourcecode.swift; path = AppDelegate.swift; sourceTree = "<group>"; };
		535D0C3D21533FF2005EEE57 /* ViewController.swift */ = {isa = PBXFileReference; lastKnownFileType = sourcecode.swift; path = ViewController.swift; sourceTree = "<group>"; };
		535D0C4021533FF2005EEE57 /* Base */ = {isa = PBXFileReference; lastKnownFileType = file.storyboard; name = Base; path = Base.lproj/Main.storyboard; sourceTree = "<group>"; };
		535D0C4221533FF4005EEE57 /* Assets.xcassets */ = {isa = PBXFileReference; lastKnownFileType = folder.assetcatalog; path = Assets.xcassets; sourceTree = "<group>"; };
		535D0C4521533FF4005EEE57 /* Base */ = {isa = PBXFileReference; lastKnownFileType = file.storyboard; name = Base; path = Base.lproj/LaunchScreen.storyboard; sourceTree = "<group>"; };
		535D0C4721533FF4005EEE57 /* Info.plist */ = {isa = PBXFileReference; lastKnownFileType = text.plist.xml; path = Info.plist; sourceTree = "<group>"; };
		535D0C4D21534180005EEE57 /* RxSimple.swift */ = {isa = PBXFileReference; lastKnownFileType = sourcecode.swift; path = RxSimple.swift; sourceTree = "<group>"; };
		535D0C4F21538743005EEE57 /* Posting.swift */ = {isa = PBXFileReference; lastKnownFileType = sourcecode.swift; path = Posting.swift; sourceTree = "<group>"; };
		535D0C5321539F40005EEE57 /* CustomError.swift */ = {isa = PBXFileReference; fileEncoding = 4; lastKnownFileType = sourcecode.swift; path = CustomError.swift; sourceTree = "<group>"; };
		53FDB59D21589C77001FBEF0 /* TableViewModel.swift */ = {isa = PBXFileReference; lastKnownFileType = sourcecode.swift; path = TableViewModel.swift; sourceTree = "<group>"; };
		E0AD3465FD0BA13915BC0728 /* Pods-RxSwift_Basic.release.xcconfig */ = {isa = PBXFileReference; includeInIndex = 1; lastKnownFileType = text.xcconfig; name = "Pods-RxSwift_Basic.release.xcconfig"; path = "Pods/Target Support Files/Pods-RxSwift_Basic/Pods-RxSwift_Basic.release.xcconfig"; sourceTree = "<group>"; };
		F94ABA6698E63FB2DB6B0595 /* Pods_RxSwift_Basic.framework */ = {isa = PBXFileReference; explicitFileType = wrapper.framework; includeInIndex = 0; path = Pods_RxSwift_Basic.framework; sourceTree = BUILT_PRODUCTS_DIR; };
/* End PBXFileReference section */

/* Begin PBXFrameworksBuildPhase section */
		535D0C3521533FF2005EEE57 /* Frameworks */ = {
			isa = PBXFrameworksBuildPhase;
			buildActionMask = 2147483647;
			files = (
				6B8E6468F095353E0C1EF443 /* Pods_RxSwift_Basic.framework in Frameworks */,
			);
			runOnlyForDeploymentPostprocessing = 0;
		};
/* End PBXFrameworksBuildPhase section */

/* Begin PBXGroup section */
		535D0C2F21533FF2005EEE57 = {
			isa = PBXGroup;
			children = (
				535D0C3A21533FF2005EEE57 /* RxSwift_Basic */,
				535D0C3921533FF2005EEE57 /* Products */,
				B13C354F8A74A7E9A73B26B8 /* Pods */,
				864091F48D2205ABEDFA163C /* Frameworks */,
			);
			sourceTree = "<group>";
		};
		535D0C3921533FF2005EEE57 /* Products */ = {
			isa = PBXGroup;
			children = (
				535D0C3821533FF2005EEE57 /* RxSwift_Basic.app */,
			);
			name = Products;
			sourceTree = "<group>";
		};
		535D0C3A21533FF2005EEE57 /* RxSwift_Basic */ = {
			isa = PBXGroup;
			children = (
				535D0C3B21533FF2005EEE57 /* AppDelegate.swift */,
				535D0C3D21533FF2005EEE57 /* ViewController.swift */,
				535D0C3F21533FF2005EEE57 /* Main.storyboard */,
				535D0C4221533FF4005EEE57 /* Assets.xcassets */,
				535D0C4421533FF4005EEE57 /* LaunchScreen.storyboard */,
				535D0C4721533FF4005EEE57 /* Info.plist */,
				535D0C5321539F40005EEE57 /* CustomError.swift */,
				535D0C4D21534180005EEE57 /* RxSimple.swift */,
				535D0C4F21538743005EEE57 /* Posting.swift */,
				534850DC2154D81D0001BD51 /* TableViewController.swift */,
				534850DE2154DD0F0001BD51 /* NetworkLayer.swift */,
				534850E02154DDEA0001BD51 /* Album.swift */,
				53FDB59D21589C77001FBEF0 /* TableViewModel.swift */,
				530730DF2159D3FC0039FC0C /* AlbumTableViewCell.swift */,
			);
			path = RxSwift_Basic;
			sourceTree = "<group>";
		};
		864091F48D2205ABEDFA163C /* Frameworks */ = {
			isa = PBXGroup;
			children = (
				F94ABA6698E63FB2DB6B0595 /* Pods_RxSwift_Basic.framework */,
			);
			name = Frameworks;
			sourceTree = "<group>";
		};
		B13C354F8A74A7E9A73B26B8 /* Pods */ = {
			isa = PBXGroup;
			children = (
				1CD84F30C77F20386C370BB7 /* Pods-RxSwift_Basic.debug.xcconfig */,
				E0AD3465FD0BA13915BC0728 /* Pods-RxSwift_Basic.release.xcconfig */,
			);
			name = Pods;
			sourceTree = "<group>";
		};
/* End PBXGroup section */

/* Begin PBXNativeTarget section */
		535D0C3721533FF2005EEE57 /* RxSwift_Basic */ = {
			isa = PBXNativeTarget;
			buildConfigurationList = 535D0C4A21533FF4005EEE57 /* Build configuration list for PBXNativeTarget "RxSwift_Basic" */;
			buildPhases = (
				D9ACD6BFEBCE75021D448544 /* [CP] Check Pods Manifest.lock */,
				535D0C3421533FF2005EEE57 /* Sources */,
				535D0C3521533FF2005EEE57 /* Frameworks */,
				535D0C3621533FF2005EEE57 /* Resources */,
				5CE386AC6B780A01C3D5BEB5 /* [CP] Embed Pods Frameworks */,
			);
			buildRules = (
			);
			dependencies = (
			);
			name = RxSwift_Basic;
			productName = RxSwift_Basic;
			productReference = 535D0C3821533FF2005EEE57 /* RxSwift_Basic.app */;
			productType = "com.apple.product-type.application";
		};
/* End PBXNativeTarget section */

/* Begin PBXProject section */
		535D0C3021533FF2005EEE57 /* Project object */ = {
			isa = PBXProject;
			attributes = {
				LastSwiftUpdateCheck = 0940;
				LastUpgradeCheck = 0940;
				ORGANIZATIONNAME = "Shaylee Chong";
				TargetAttributes = {
					535D0C3721533FF2005EEE57 = {
						CreatedOnToolsVersion = 9.4.1;
					};
				};
			};
			buildConfigurationList = 535D0C3321533FF2005EEE57 /* Build configuration list for PBXProject "RxSwift_Basic" */;
			compatibilityVersion = "Xcode 9.3";
			developmentRegion = en;
			hasScannedForEncodings = 0;
			knownRegions = (
				en,
				Base,
			);
			mainGroup = 535D0C2F21533FF2005EEE57;
			productRefGroup = 535D0C3921533FF2005EEE57 /* Products */;
			projectDirPath = "";
			projectRoot = "";
			targets = (
				535D0C3721533FF2005EEE57 /* RxSwift_Basic */,
			);
		};
/* End PBXProject section */

/* Begin PBXResourcesBuildPhase section */
		535D0C3621533FF2005EEE57 /* Resources */ = {
			isa = PBXResourcesBuildPhase;
			buildActionMask = 2147483647;
			files = (
				535D0C4621533FF4005EEE57 /* LaunchScreen.storyboard in Resources */,
				535D0C4321533FF4005EEE57 /* Assets.xcassets in Resources */,
				535D0C4121533FF2005EEE57 /* Main.storyboard in Resources */,
			);
			runOnlyForDeploymentPostprocessing = 0;
		};
/* End PBXResourcesBuildPhase section */

/* Begin PBXShellScriptBuildPhase section */
		5CE386AC6B780A01C3D5BEB5 /* [CP] Embed Pods Frameworks */ = {
			isa = PBXShellScriptBuildPhase;
			buildActionMask = 2147483647;
			files = (
			);
			inputPaths = (
				"${SRCROOT}/Pods/Target Support Files/Pods-RxSwift_Basic/Pods-RxSwift_Basic-frameworks.sh",
				"${BUILT_PRODUCTS_DIR}/Alamofire/Alamofire.framework",
				"${BUILT_PRODUCTS_DIR}/Differentiator/Differentiator.framework",
				"${BUILT_PRODUCTS_DIR}/RxAlamofire/RxAlamofire.framework",
				"${BUILT_PRODUCTS_DIR}/RxCocoa/RxCocoa.framework",
				"${BUILT_PRODUCTS_DIR}/RxDataSources/RxDataSources.framework",
				"${BUILT_PRODUCTS_DIR}/RxSwift/RxSwift.framework",
			);
			name = "[CP] Embed Pods Frameworks";
			outputPaths = (
				"${TARGET_BUILD_DIR}/${FRAMEWORKS_FOLDER_PATH}/Alamofire.framework",
				"${TARGET_BUILD_DIR}/${FRAMEWORKS_FOLDER_PATH}/Differentiator.framework",
				"${TARGET_BUILD_DIR}/${FRAMEWORKS_FOLDER_PATH}/RxAlamofire.framework",
				"${TARGET_BUILD_DIR}/${FRAMEWORKS_FOLDER_PATH}/RxCocoa.framework",
				"${TARGET_BUILD_DIR}/${FRAMEWORKS_FOLDER_PATH}/RxDataSources.framework",
				"${TARGET_BUILD_DIR}/${FRAMEWORKS_FOLDER_PATH}/RxSwift.framework",
			);
			runOnlyForDeploymentPostprocessing = 0;
			shellPath = /bin/sh;
			shellScript = "\"${SRCROOT}/Pods/Target Support Files/Pods-RxSwift_Basic/Pods-RxSwift_Basic-frameworks.sh\"\n";
			showEnvVarsInLog = 0;
		};
		D9ACD6BFEBCE75021D448544 /* [CP] Check Pods Manifest.lock */ = {
			isa = PBXShellScriptBuildPhase;
			buildActionMask = 2147483647;
			files = (
			);
			inputPaths = (
				"${PODS_PODFILE_DIR_PATH}/Podfile.lock",
				"${PODS_ROOT}/Manifest.lock",
			);
			name = "[CP] Check Pods Manifest.lock";
			outputPaths = (
				"$(DERIVED_FILE_DIR)/Pods-RxSwift_Basic-checkManifestLockResult.txt",
			);
			runOnlyForDeploymentPostprocessing = 0;
			shellPath = /bin/sh;
			shellScript = "diff \"${PODS_PODFILE_DIR_PATH}/Podfile.lock\" \"${PODS_ROOT}/Manifest.lock\" > /dev/null\nif [ $? != 0 ] ; then\n    # print error to STDERR\n    echo \"error: The sandbox is not in sync with the Podfile.lock. Run 'pod install' or update your CocoaPods installation.\" >&2\n    exit 1\nfi\n# This output is used by Xcode 'outputs' to avoid re-running this script phase.\necho \"SUCCESS\" > \"${SCRIPT_OUTPUT_FILE_0}\"\n";
			showEnvVarsInLog = 0;
		};
/* End PBXShellScriptBuildPhase section */

/* Begin PBXSourcesBuildPhase section */
		535D0C3421533FF2005EEE57 /* Sources */ = {
			isa = PBXSourcesBuildPhase;
			buildActionMask = 2147483647;
			files = (
				534850DF2154DD0F0001BD51 /* NetworkLayer.swift in Sources */,
				535D0C5021538743005EEE57 /* Posting.swift in Sources */,
				534850DD2154D81D0001BD51 /* TableViewController.swift in Sources */,
				535D0C4E21534180005EEE57 /* RxSimple.swift in Sources */,
				535D0C3E21533FF2005EEE57 /* ViewController.swift in Sources */,
				530730E02159D3FC0039FC0C /* AlbumTableViewCell.swift in Sources */,
				535D0C3C21533FF2005EEE57 /* AppDelegate.swift in Sources */,
				53FDB59E21589C77001FBEF0 /* TableViewModel.swift in Sources */,
				535D0C5421539F40005EEE57 /* CustomError.swift in Sources */,
				534850E12154DDEA0001BD51 /* Album.swift in Sources */,
			);
			runOnlyForDeploymentPostprocessing = 0;
		};
/* End PBXSourcesBuildPhase section */

/* Begin PBXVariantGroup section */
		535D0C3F21533FF2005EEE57 /* Main.storyboard */ = {
			isa = PBXVariantGroup;
			children = (
				535D0C4021533FF2005EEE57 /* Base */,
			);
			name = Main.storyboard;
			sourceTree = "<group>";
		};
		535D0C4421533FF4005EEE57 /* LaunchScreen.storyboard */ = {
			isa = PBXVariantGroup;
			children = (
				535D0C4521533FF4005EEE57 /* Base */,
			);
			name = LaunchScreen.storyboard;
			sourceTree = "<group>";
		};
/* End PBXVariantGroup section */

/* Begin XCBuildConfiguration section */
		535D0C4821533FF4005EEE57 /* Debug */ = {
			isa = XCBuildConfiguration;
			buildSettings = {
				ALWAYS_SEARCH_USER_PATHS = NO;
				CLANG_ANALYZER_NONNULL = YES;
				CLANG_ANALYZER_NUMBER_OBJECT_CONVERSION = YES_AGGRESSIVE;
				CLANG_CXX_LANGUAGE_STANDARD = "gnu++14";
				CLANG_CXX_LIBRARY = "libc++";
				CLANG_ENABLE_MODULES = YES;
				CLANG_ENABLE_OBJC_ARC = YES;
				CLANG_ENABLE_OBJC_WEAK = YES;
				CLANG_WARN_BLOCK_CAPTURE_AUTORELEASING = YES;
				CLANG_WARN_BOOL_CONVERSION = YES;
				CLANG_WARN_COMMA = YES;
				CLANG_WARN_CONSTANT_CONVERSION = YES;
				CLANG_WARN_DEPRECATED_OBJC_IMPLEMENTATIONS = YES;
				CLANG_WARN_DIRECT_OBJC_ISA_USAGE = YES_ERROR;
				CLANG_WARN_DOCUMENTATION_COMMENTS = YES;
				CLANG_WARN_EMPTY_BODY = YES;
				CLANG_WARN_ENUM_CONVERSION = YES;
				CLANG_WARN_INFINITE_RECURSION = YES;
				CLANG_WARN_INT_CONVERSION = YES;
				CLANG_WARN_NON_LITERAL_NULL_CONVERSION = YES;
				CLANG_WARN_OBJC_IMPLICIT_RETAIN_SELF = YES;
				CLANG_WARN_OBJC_LITERAL_CONVERSION = YES;
				CLANG_WARN_OBJC_ROOT_CLASS = YES_ERROR;
				CLANG_WARN_RANGE_LOOP_ANALYSIS = YES;
				CLANG_WARN_STRICT_PROTOTYPES = YES;
				CLANG_WARN_SUSPICIOUS_MOVE = YES;
				CLANG_WARN_UNGUARDED_AVAILABILITY = YES_AGGRESSIVE;
				CLANG_WARN_UNREACHABLE_CODE = YES;
				CLANG_WARN__DUPLICATE_METHOD_MATCH = YES;
				CODE_SIGN_IDENTITY = "iPhone Developer";
				COPY_PHASE_STRIP = NO;
				DEBUG_INFORMATION_FORMAT = dwarf;
				ENABLE_STRICT_OBJC_MSGSEND = YES;
				ENABLE_TESTABILITY = YES;
				GCC_C_LANGUAGE_STANDARD = gnu11;
				GCC_DYNAMIC_NO_PIC = NO;
				GCC_NO_COMMON_BLOCKS = YES;
				GCC_OPTIMIZATION_LEVEL = 0;
				GCC_PREPROCESSOR_DEFINITIONS = (
					"DEBUG=1",
					"$(inherited)",
				);
				GCC_WARN_64_TO_32_BIT_CONVERSION = YES;
				GCC_WARN_ABOUT_RETURN_TYPE = YES_ERROR;
				GCC_WARN_UNDECLARED_SELECTOR = YES;
				GCC_WARN_UNINITIALIZED_AUTOS = YES_AGGRESSIVE;
				GCC_WARN_UNUSED_FUNCTION = YES;
				GCC_WARN_UNUSED_VARIABLE = YES;
				IPHONEOS_DEPLOYMENT_TARGET = 11.4;
				MTL_ENABLE_DEBUG_INFO = YES;
				ONLY_ACTIVE_ARCH = YES;
				SDKROOT = iphoneos;
				SWIFT_ACTIVE_COMPILATION_CONDITIONS = DEBUG;
				SWIFT_OPTIMIZATION_LEVEL = "-Onone";
			};
			name = Debug;
		};
		535D0C4921533FF4005EEE57 /* Release */ = {
			isa = XCBuildConfiguration;
			buildSettings = {
				ALWAYS_SEARCH_USER_PATHS = NO;
				CLANG_ANALYZER_NONNULL = YES;
				CLANG_ANALYZER_NUMBER_OBJECT_CONVERSION = YES_AGGRESSIVE;
				CLANG_CXX_LANGUAGE_STANDARD = "gnu++14";
				CLANG_CXX_LIBRARY = "libc++";
				CLANG_ENABLE_MODULES = YES;
				CLANG_ENABLE_OBJC_ARC = YES;
				CLANG_ENABLE_OBJC_WEAK = YES;
				CLANG_WARN_BLOCK_CAPTURE_AUTORELEASING = YES;
				CLANG_WARN_BOOL_CONVERSION = YES;
				CLANG_WARN_COMMA = YES;
				CLANG_WARN_CONSTANT_CONVERSION = YES;
				CLANG_WARN_DEPRECATED_OBJC_IMPLEMENTATIONS = YES;
				CLANG_WARN_DIRECT_OBJC_ISA_USAGE = YES_ERROR;
				CLANG_WARN_DOCUMENTATION_COMMENTS = YES;
				CLANG_WARN_EMPTY_BODY = YES;
				CLANG_WARN_ENUM_CONVERSION = YES;
				CLANG_WARN_INFINITE_RECURSION = YES;
				CLANG_WARN_INT_CONVERSION = YES;
				CLANG_WARN_NON_LITERAL_NULL_CONVERSION = YES;
				CLANG_WARN_OBJC_IMPLICIT_RETAIN_SELF = YES;
				CLANG_WARN_OBJC_LITERAL_CONVERSION = YES;
				CLANG_WARN_OBJC_ROOT_CLASS = YES_ERROR;
				CLANG_WARN_RANGE_LOOP_ANALYSIS = YES;
				CLANG_WARN_STRICT_PROTOTYPES = YES;
				CLANG_WARN_SUSPICIOUS_MOVE = YES;
				CLANG_WARN_UNGUARDED_AVAILABILITY = YES_AGGRESSIVE;
				CLANG_WARN_UNREACHABLE_CODE = YES;
				CLANG_WARN__DUPLICATE_METHOD_MATCH = YES;
				CODE_SIGN_IDENTITY = "iPhone Developer";
				COPY_PHASE_STRIP = NO;
				DEBUG_INFORMATION_FORMAT = "dwarf-with-dsym";
				ENABLE_NS_ASSERTIONS = NO;
				ENABLE_STRICT_OBJC_MSGSEND = YES;
				GCC_C_LANGUAGE_STANDARD = gnu11;
				GCC_NO_COMMON_BLOCKS = YES;
				GCC_WARN_64_TO_32_BIT_CONVERSION = YES;
				GCC_WARN_ABOUT_RETURN_TYPE = YES_ERROR;
				GCC_WARN_UNDECLARED_SELECTOR = YES;
				GCC_WARN_UNINITIALIZED_AUTOS = YES_AGGRESSIVE;
				GCC_WARN_UNUSED_FUNCTION = YES;
				GCC_WARN_UNUSED_VARIABLE = YES;
				IPHONEOS_DEPLOYMENT_TARGET = 11.4;
				MTL_ENABLE_DEBUG_INFO = NO;
				SDKROOT = iphoneos;
				SWIFT_COMPILATION_MODE = wholemodule;
				SWIFT_OPTIMIZATION_LEVEL = "-O";
				VALIDATE_PRODUCT = YES;
			};
			name = Release;
		};
		535D0C4B21533FF4005EEE57 /* Debug */ = {
			isa = XCBuildConfiguration;
			baseConfigurationReference = 1CD84F30C77F20386C370BB7 /* Pods-RxSwift_Basic.debug.xcconfig */;
			buildSettings = {
				ASSETCATALOG_COMPILER_APPICON_NAME = AppIcon;
				CODE_SIGN_STYLE = Automatic;
				DEVELOPMENT_TEAM = 4H34WD46K8;
				INFOPLIST_FILE = RxSwift_Basic/Info.plist;
				LD_RUNPATH_SEARCH_PATHS = (
					"$(inherited)",
					"@executable_path/Frameworks",
				);
				PRODUCT_BUNDLE_IDENTIFIER = "com.huiyee.RxSwift-Basic";
				PRODUCT_NAME = "$(TARGET_NAME)";
				SWIFT_VERSION = 4.0;
				TARGETED_DEVICE_FAMILY = "1,2";
			};
			name = Debug;
		};
		535D0C4C21533FF4005EEE57 /* Release */ = {
			isa = XCBuildConfiguration;
			baseConfigurationReference = E0AD3465FD0BA13915BC0728 /* Pods-RxSwift_Basic.release.xcconfig */;
			buildSettings = {
				ASSETCATALOG_COMPILER_APPICON_NAME = AppIcon;
				CODE_SIGN_STYLE = Automatic;
				DEVELOPMENT_TEAM = 4H34WD46K8;
				INFOPLIST_FILE = RxSwift_Basic/Info.plist;
				LD_RUNPATH_SEARCH_PATHS = (
					"$(inherited)",
					"@executable_path/Frameworks",
				);
				PRODUCT_BUNDLE_IDENTIFIER = "com.huiyee.RxSwift-Basic";
				PRODUCT_NAME = "$(TARGET_NAME)";
				SWIFT_VERSION = 4.0;
				TARGETED_DEVICE_FAMILY = "1,2";
			};
			name = Release;
		};
/* End XCBuildConfiguration section */

/* Begin XCConfigurationList section */
		535D0C3321533FF2005EEE57 /* Build configuration list for PBXProject "RxSwift_Basic" */ = {
			isa = XCConfigurationList;
			buildConfigurations = (
				535D0C4821533FF4005EEE57 /* Debug */,
				535D0C4921533FF4005EEE57 /* Release */,
			);
			defaultConfigurationIsVisible = 0;
			defaultConfigurationName = Release;
		};
		535D0C4A21533FF4005EEE57 /* Build configuration list for PBXNativeTarget "RxSwift_Basic" */ = {
			isa = XCConfigurationList;
			buildConfigurations = (
				535D0C4B21533FF4005EEE57 /* Debug */,
				535D0C4C21533FF4005EEE57 /* Release */,
			);
			defaultConfigurationIsVisible = 0;
			defaultConfigurationName = Release;
		};
/* End XCConfigurationList section */
	};
	rootObject = 535D0C3021533FF2005EEE57 /* Project object */;
}
